// !$*UTF8*$!
{
	archiveVersion = 1;
	classes = {
	};
	objectVersion = 56;
	objects = {

/* Begin PBXBuildFile section */
		742625FF2AB627D000C53FE1 /* DependencyContainer in Frameworks */ = {isa = PBXBuildFile; productRef = 742625FE2AB627D000C53FE1 /* DependencyContainer */; };
		742626012AB6283800C53FE1 /* SharedSource in Frameworks */ = {isa = PBXBuildFile; productRef = 742626002AB6283800C53FE1 /* SharedSource */; };
		742626092AB6326B00C53FE1 /* BreedListViewController.swift in Sources */ = {isa = PBXBuildFile; fileRef = 742626072AB6326B00C53FE1 /* BreedListViewController.swift */; };
		7426260A2AB6326B00C53FE1 /* BreedListViewController.xib in Resources */ = {isa = PBXBuildFile; fileRef = 742626082AB6326B00C53FE1 /* BreedListViewController.xib */; };
		7426260F2AB63E8E00C53FE1 /* BreedListViewModel.swift in Sources */ = {isa = PBXBuildFile; fileRef = 7426260E2AB63E8E00C53FE1 /* BreedListViewModel.swift */; };
		742D40942AB5CE9F00514A25 /* AppDelegate.swift in Sources */ = {isa = PBXBuildFile; fileRef = 742D40932AB5CE9F00514A25 /* AppDelegate.swift */; };
		742D40962AB5CE9F00514A25 /* SceneDelegate.swift in Sources */ = {isa = PBXBuildFile; fileRef = 742D40952AB5CE9F00514A25 /* SceneDelegate.swift */; };
		742D409D2AB5CEA100514A25 /* Assets.xcassets in Resources */ = {isa = PBXBuildFile; fileRef = 742D409C2AB5CEA100514A25 /* Assets.xcassets */; };
		742D40A02AB5CEA100514A25 /* LaunchScreen.storyboard in Resources */ = {isa = PBXBuildFile; fileRef = 742D409E2AB5CEA100514A25 /* LaunchScreen.storyboard */; };
		749EC63B2AB8627B000E92EE /* BreedDetailViewController.swift in Sources */ = {isa = PBXBuildFile; fileRef = 749EC6392AB8627B000E92EE /* BreedDetailViewController.swift */; };
		749EC63C2AB8627B000E92EE /* BreedDetailViewController.xib in Resources */ = {isa = PBXBuildFile; fileRef = 749EC63A2AB8627B000E92EE /* BreedDetailViewController.xib */; };
		749EC63E2AB86601000E92EE /* BreedDetailViewModel.swift in Sources */ = {isa = PBXBuildFile; fileRef = 749EC63D2AB86601000E92EE /* BreedDetailViewModel.swift */; };
		749EC6442AB8751E000E92EE /* BreedListViewModelTests.swift in Sources */ = {isa = PBXBuildFile; fileRef = 749EC6432AB8751E000E92EE /* BreedListViewModelTests.swift */; };
		749EC6472AB875EA000E92EE /* BreedServiceMock.swift in Sources */ = {isa = PBXBuildFile; fileRef = 749EC6462AB875EA000E92EE /* BreedServiceMock.swift */; };
		749EC64A2AB887D9000E92EE /* BreedDetailViewModelTests.swift in Sources */ = {isa = PBXBuildFile; fileRef = 749EC6492AB887D9000E92EE /* BreedDetailViewModelTests.swift */; };
		749EC64C2AB88AED000E92EE /* CatBreedsAppUITestsLaunchTests.swift in Sources */ = {isa = PBXBuildFile; fileRef = 749EC64B2AB88AED000E92EE /* CatBreedsAppUITestsLaunchTests.swift */; };
		749EC64E2AB88B00000E92EE /* CatBreedsAppUITests.swift in Sources */ = {isa = PBXBuildFile; fileRef = 749EC64D2AB88B00000E92EE /* CatBreedsAppUITests.swift */; };
		74BD71122AB72CD8004E97DB /* BreedCollectionViewCell.swift in Sources */ = {isa = PBXBuildFile; fileRef = 74BD71102AB72CD8004E97DB /* BreedCollectionViewCell.swift */; };
		74BD71132AB72CD8004E97DB /* BreedCollectionViewCell.xib in Resources */ = {isa = PBXBuildFile; fileRef = 74BD71112AB72CD8004E97DB /* BreedCollectionViewCell.xib */; };
		74CFF79B2AB775520089992C /* BreedService.swift in Sources */ = {isa = PBXBuildFile; fileRef = 74CFF79A2AB775520089992C /* BreedService.swift */; };
		74CFF79D2AB7767A0089992C /* Breed.swift in Sources */ = {isa = PBXBuildFile; fileRef = 74CFF79C2AB7767A0089992C /* Breed.swift */; };
		74CFF79F2AB77AEF0089992C /* BreedEndpoint.swift in Sources */ = {isa = PBXBuildFile; fileRef = 74CFF79E2AB77AEF0089992C /* BreedEndpoint.swift */; };
		74CFF7A32AB7979A0089992C /* CollectionDataSource.swift in Sources */ = {isa = PBXBuildFile; fileRef = 74CFF7A22AB7979A0089992C /* CollectionDataSource.swift */; };
		74CFF7A52AB797ED0089992C /* ViewCellHandler.swift in Sources */ = {isa = PBXBuildFile; fileRef = 74CFF7A42AB797ED0089992C /* ViewCellHandler.swift */; };
		74CFF7A72AB798680089992C /* UICollectionView+Dequeue.swift in Sources */ = {isa = PBXBuildFile; fileRef = 74CFF7A62AB798680089992C /* UICollectionView+Dequeue.swift */; };
		74CFF7A92AB7987F0089992C /* Identifiable.swift in Sources */ = {isa = PBXBuildFile; fileRef = 74CFF7A82AB7987F0089992C /* Identifiable.swift */; };
		74CFF7AB2AB79DA20089992C /* ImageInfo.swift in Sources */ = {isa = PBXBuildFile; fileRef = 74CFF7AA2AB79DA20089992C /* ImageInfo.swift */; };
		74CFF7AD2AB7A0440089992C /* PickerViewDataSource.swift in Sources */ = {isa = PBXBuildFile; fileRef = 74CFF7AC2AB7A0440089992C /* PickerViewDataSource.swift */; };
		74CFF7B62AB7C95B0089992C /* Kingfisher in Frameworks */ = {isa = PBXBuildFile; productRef = 74CFF7B52AB7C95B0089992C /* Kingfisher */; };
		74CFF7B92AB7E0D90089992C /* BreedCollectionViewDelegateFlowLayout.swift in Sources */ = {isa = PBXBuildFile; fileRef = 74CFF7B82AB7E0D90089992C /* BreedCollectionViewDelegateFlowLayout.swift */; };
/* End PBXBuildFile section */

/* Begin PBXContainerItemProxy section */
		742D40A72AB5CEA100514A25 /* PBXContainerItemProxy */ = {
			isa = PBXContainerItemProxy;
			containerPortal = 742D40882AB5CE9E00514A25 /* Project object */;
			proxyType = 1;
			remoteGlobalIDString = 742D408F2AB5CE9F00514A25;
			remoteInfo = CatBreedsApp;
		};
		742D40B12AB5CEA100514A25 /* PBXContainerItemProxy */ = {
			isa = PBXContainerItemProxy;
			containerPortal = 742D40882AB5CE9E00514A25 /* Project object */;
			proxyType = 1;
			remoteGlobalIDString = 742D408F2AB5CE9F00514A25;
			remoteInfo = CatBreedsApp;
		};
/* End PBXContainerItemProxy section */

/* Begin PBXFileReference section */
		742626072AB6326B00C53FE1 /* BreedListViewController.swift */ = {isa = PBXFileReference; lastKnownFileType = sourcecode.swift; path = BreedListViewController.swift; sourceTree = "<group>"; };
		742626082AB6326B00C53FE1 /* BreedListViewController.xib */ = {isa = PBXFileReference; lastKnownFileType = file.xib; path = BreedListViewController.xib; sourceTree = "<group>"; };
		7426260E2AB63E8E00C53FE1 /* BreedListViewModel.swift */ = {isa = PBXFileReference; lastKnownFileType = sourcecode.swift; path = BreedListViewModel.swift; sourceTree = "<group>"; };
		742D40902AB5CE9F00514A25 /* CatBreedsApp.app */ = {isa = PBXFileReference; explicitFileType = wrapper.application; includeInIndex = 0; path = CatBreedsApp.app; sourceTree = BUILT_PRODUCTS_DIR; };
		742D40932AB5CE9F00514A25 /* AppDelegate.swift */ = {isa = PBXFileReference; lastKnownFileType = sourcecode.swift; path = AppDelegate.swift; sourceTree = "<group>"; };
		742D40952AB5CE9F00514A25 /* SceneDelegate.swift */ = {isa = PBXFileReference; lastKnownFileType = sourcecode.swift; path = SceneDelegate.swift; sourceTree = "<group>"; };
		742D409C2AB5CEA100514A25 /* Assets.xcassets */ = {isa = PBXFileReference; lastKnownFileType = folder.assetcatalog; path = Assets.xcassets; sourceTree = "<group>"; };
		742D409F2AB5CEA100514A25 /* Base */ = {isa = PBXFileReference; lastKnownFileType = file.storyboard; name = Base; path = Base.lproj/LaunchScreen.storyboard; sourceTree = "<group>"; };
		742D40A12AB5CEA100514A25 /* Info.plist */ = {isa = PBXFileReference; lastKnownFileType = text.plist.xml; path = Info.plist; sourceTree = "<group>"; };
		742D40A62AB5CEA100514A25 /* CatBreedsAppTests.xctest */ = {isa = PBXFileReference; explicitFileType = wrapper.cfbundle; includeInIndex = 0; path = CatBreedsAppTests.xctest; sourceTree = BUILT_PRODUCTS_DIR; };
		742D40B02AB5CEA100514A25 /* CatBreedsAppUITests.xctest */ = {isa = PBXFileReference; explicitFileType = wrapper.cfbundle; includeInIndex = 0; path = CatBreedsAppUITests.xctest; sourceTree = BUILT_PRODUCTS_DIR; };
		749EC6392AB8627B000E92EE /* BreedDetailViewController.swift */ = {isa = PBXFileReference; lastKnownFileType = sourcecode.swift; path = BreedDetailViewController.swift; sourceTree = "<group>"; };
		749EC63A2AB8627B000E92EE /* BreedDetailViewController.xib */ = {isa = PBXFileReference; lastKnownFileType = file.xib; path = BreedDetailViewController.xib; sourceTree = "<group>"; };
		749EC63D2AB86601000E92EE /* BreedDetailViewModel.swift */ = {isa = PBXFileReference; lastKnownFileType = sourcecode.swift; path = BreedDetailViewModel.swift; sourceTree = "<group>"; };
		749EC6432AB8751E000E92EE /* BreedListViewModelTests.swift */ = {isa = PBXFileReference; lastKnownFileType = sourcecode.swift; path = BreedListViewModelTests.swift; sourceTree = "<group>"; };
		749EC6462AB875EA000E92EE /* BreedServiceMock.swift */ = {isa = PBXFileReference; lastKnownFileType = sourcecode.swift; path = BreedServiceMock.swift; sourceTree = "<group>"; };
		749EC6492AB887D9000E92EE /* BreedDetailViewModelTests.swift */ = {isa = PBXFileReference; lastKnownFileType = sourcecode.swift; path = BreedDetailViewModelTests.swift; sourceTree = "<group>"; };
		749EC64B2AB88AED000E92EE /* CatBreedsAppUITestsLaunchTests.swift */ = {isa = PBXFileReference; fileEncoding = 4; lastKnownFileType = sourcecode.swift; path = CatBreedsAppUITestsLaunchTests.swift; sourceTree = "<group>"; };
		749EC64D2AB88B00000E92EE /* CatBreedsAppUITests.swift */ = {isa = PBXFileReference; fileEncoding = 4; lastKnownFileType = sourcecode.swift; path = CatBreedsAppUITests.swift; sourceTree = "<group>"; };
		74BD71102AB72CD8004E97DB /* BreedCollectionViewCell.swift */ = {isa = PBXFileReference; lastKnownFileType = sourcecode.swift; path = BreedCollectionViewCell.swift; sourceTree = "<group>"; };
		74BD71112AB72CD8004E97DB /* BreedCollectionViewCell.xib */ = {isa = PBXFileReference; lastKnownFileType = file.xib; path = BreedCollectionViewCell.xib; sourceTree = "<group>"; };
		74CFF79A2AB775520089992C /* BreedService.swift */ = {isa = PBXFileReference; lastKnownFileType = sourcecode.swift; path = BreedService.swift; sourceTree = "<group>"; };
		74CFF79C2AB7767A0089992C /* Breed.swift */ = {isa = PBXFileReference; lastKnownFileType = sourcecode.swift; path = Breed.swift; sourceTree = "<group>"; };
		74CFF79E2AB77AEF0089992C /* BreedEndpoint.swift */ = {isa = PBXFileReference; lastKnownFileType = sourcecode.swift; path = BreedEndpoint.swift; sourceTree = "<group>"; };
		74CFF7A22AB7979A0089992C /* CollectionDataSource.swift */ = {isa = PBXFileReference; lastKnownFileType = sourcecode.swift; path = CollectionDataSource.swift; sourceTree = "<group>"; };
		74CFF7A42AB797ED0089992C /* ViewCellHandler.swift */ = {isa = PBXFileReference; lastKnownFileType = sourcecode.swift; path = ViewCellHandler.swift; sourceTree = "<group>"; };
		74CFF7A62AB798680089992C /* UICollectionView+Dequeue.swift */ = {isa = PBXFileReference; lastKnownFileType = sourcecode.swift; path = "UICollectionView+Dequeue.swift"; sourceTree = "<group>"; };
		74CFF7A82AB7987F0089992C /* Identifiable.swift */ = {isa = PBXFileReference; lastKnownFileType = sourcecode.swift; path = Identifiable.swift; sourceTree = "<group>"; };
		74CFF7AA2AB79DA20089992C /* ImageInfo.swift */ = {isa = PBXFileReference; lastKnownFileType = sourcecode.swift; path = ImageInfo.swift; sourceTree = "<group>"; };
		74CFF7AC2AB7A0440089992C /* PickerViewDataSource.swift */ = {isa = PBXFileReference; lastKnownFileType = sourcecode.swift; path = PickerViewDataSource.swift; sourceTree = "<group>"; };
		74CFF7B82AB7E0D90089992C /* BreedCollectionViewDelegateFlowLayout.swift */ = {isa = PBXFileReference; lastKnownFileType = sourcecode.swift; path = BreedCollectionViewDelegateFlowLayout.swift; sourceTree = "<group>"; };
/* End PBXFileReference section */

/* Begin PBXFrameworksBuildPhase section */
		742D408D2AB5CE9F00514A25 /* Frameworks */ = {
			isa = PBXFrameworksBuildPhase;
			buildActionMask = 2147483647;
			files = (
				74CFF7B62AB7C95B0089992C /* Kingfisher in Frameworks */,
				742626012AB6283800C53FE1 /* SharedSource in Frameworks */,
				742625FF2AB627D000C53FE1 /* DependencyContainer in Frameworks */,
			);
			runOnlyForDeploymentPostprocessing = 0;
		};
		742D40A32AB5CEA100514A25 /* Frameworks */ = {
			isa = PBXFrameworksBuildPhase;
			buildActionMask = 2147483647;
			files = (
			);
			runOnlyForDeploymentPostprocessing = 0;
		};
		742D40AD2AB5CEA100514A25 /* Frameworks */ = {
			isa = PBXFrameworksBuildPhase;
			buildActionMask = 2147483647;
			files = (
			);
			runOnlyForDeploymentPostprocessing = 0;
		};
/* End PBXFrameworksBuildPhase section */

/* Begin PBXGroup section */
		742626022AB6315500C53FE1 /* BreedList */ = {
			isa = PBXGroup;
			children = (
				74CFF7B72AB7E0C40089992C /* Delegate */,
				74BD710F2AB72CA0004E97DB /* CollectionViewCell */,
				742626072AB6326B00C53FE1 /* BreedListViewController.swift */,
				742626082AB6326B00C53FE1 /* BreedListViewController.xib */,
				7426260E2AB63E8E00C53FE1 /* BreedListViewModel.swift */,
			);
			path = BreedList;
			sourceTree = "<group>";
		};
		7426260B2AB634B500C53FE1 /* Util */ = {
			isa = PBXGroup;
			children = (
				74CFF7AE2AB7A42D0089992C /* Collection */,
				74CFF7AF2AB7A4400089992C /* PickerView */,
				74CFF7A82AB7987F0089992C /* Identifiable.swift */,
			);
			path = Util;
			sourceTree = "<group>";
		};
		742D40872AB5CE9E00514A25 = {
			isa = PBXGroup;
			children = (
				742D40922AB5CE9F00514A25 /* CatBreedsApp */,
				742D40A92AB5CEA100514A25 /* CatBreedsAppTests */,
				742D40B32AB5CEA100514A25 /* CatBreedsAppUITests */,
				742D40912AB5CE9F00514A25 /* Products */,
				74CF7ED12AB5F65A000CBD35 /* Frameworks */,
			);
			sourceTree = "<group>";
		};
		742D40912AB5CE9F00514A25 /* Products */ = {
			isa = PBXGroup;
			children = (
				742D40902AB5CE9F00514A25 /* CatBreedsApp.app */,
				742D40A62AB5CEA100514A25 /* CatBreedsAppTests.xctest */,
				742D40B02AB5CEA100514A25 /* CatBreedsAppUITests.xctest */,
			);
			name = Products;
			sourceTree = "<group>";
		};
		742D40922AB5CE9F00514A25 /* CatBreedsApp */ = {
			isa = PBXGroup;
			children = (
				749EC6352AB86070000E92EE /* Scenes */,
				74CFF7992AB7753A0089992C /* Model */,
				74CFF7982AB7744E0089992C /* Service */,
				7426260B2AB634B500C53FE1 /* Util */,
				742D40932AB5CE9F00514A25 /* AppDelegate.swift */,
				742D40952AB5CE9F00514A25 /* SceneDelegate.swift */,
				742D409C2AB5CEA100514A25 /* Assets.xcassets */,
				742D409E2AB5CEA100514A25 /* LaunchScreen.storyboard */,
				742D40A12AB5CEA100514A25 /* Info.plist */,
			);
			path = CatBreedsApp;
			sourceTree = "<group>";
		};
		742D40A92AB5CEA100514A25 /* CatBreedsAppTests */ = {
			isa = PBXGroup;
			children = (
				749EC6452AB875D7000E92EE /* Mock */,
				749EC63F2AB8749F000E92EE /* Scene */,
			);
			path = CatBreedsAppTests;
			sourceTree = "<group>";
		};
		742D40B32AB5CEA100514A25 /* CatBreedsAppUITests */ = {
			isa = PBXGroup;
			children = (
				749EC64D2AB88B00000E92EE /* CatBreedsAppUITests.swift */,
				749EC64B2AB88AED000E92EE /* CatBreedsAppUITestsLaunchTests.swift */,
			);
			path = CatBreedsAppUITests;
			sourceTree = "<group>";
		};
		749EC6352AB86070000E92EE /* Scenes */ = {
			isa = PBXGroup;
			children = (
				749EC6362AB8607D000E92EE /* BreedDetail */,
				742626022AB6315500C53FE1 /* BreedList */,
			);
			path = Scenes;
			sourceTree = "<group>";
		};
		749EC6362AB8607D000E92EE /* BreedDetail */ = {
			isa = PBXGroup;
			children = (
				749EC6392AB8627B000E92EE /* BreedDetailViewController.swift */,
				749EC63A2AB8627B000E92EE /* BreedDetailViewController.xib */,
				749EC63D2AB86601000E92EE /* BreedDetailViewModel.swift */,
			);
			path = BreedDetail;
			sourceTree = "<group>";
		};
		749EC63F2AB8749F000E92EE /* Scene */ = {
			isa = PBXGroup;
			children = (
				749EC6482AB887B9000E92EE /* BreedDetail */,
				749EC6402AB874A6000E92EE /* BreedList */,
			);
			path = Scene;
			sourceTree = "<group>";
		};
		749EC6402AB874A6000E92EE /* BreedList */ = {
			isa = PBXGroup;
			children = (
				749EC6432AB8751E000E92EE /* BreedListViewModelTests.swift */,
			);
			path = BreedList;
			sourceTree = "<group>";
		};
		749EC6452AB875D7000E92EE /* Mock */ = {
			isa = PBXGroup;
			children = (
				749EC6462AB875EA000E92EE /* BreedServiceMock.swift */,
			);
			path = Mock;
			sourceTree = "<group>";
		};
		749EC6482AB887B9000E92EE /* BreedDetail */ = {
			isa = PBXGroup;
			children = (
				749EC6492AB887D9000E92EE /* BreedDetailViewModelTests.swift */,
			);
			path = BreedDetail;
			sourceTree = "<group>";
		};
		74BD710F2AB72CA0004E97DB /* CollectionViewCell */ = {
			isa = PBXGroup;
			children = (
				74BD71102AB72CD8004E97DB /* BreedCollectionViewCell.swift */,
				74BD71112AB72CD8004E97DB /* BreedCollectionViewCell.xib */,
			);
			path = CollectionViewCell;
			sourceTree = "<group>";
		};
		74CF7ED12AB5F65A000CBD35 /* Frameworks */ = {
			isa = PBXGroup;
			children = (
			);
			name = Frameworks;
			sourceTree = "<group>";
		};
		74CFF7982AB7744E0089992C /* Service */ = {
			isa = PBXGroup;
			children = (
				74CFF79A2AB775520089992C /* BreedService.swift */,
				74CFF79E2AB77AEF0089992C /* BreedEndpoint.swift */,
			);
			path = Service;
			sourceTree = "<group>";
		};
		74CFF7992AB7753A0089992C /* Model */ = {
			isa = PBXGroup;
			children = (
				74CFF79C2AB7767A0089992C /* Breed.swift */,
				74CFF7AA2AB79DA20089992C /* ImageInfo.swift */,
			);
			path = Model;
			sourceTree = "<group>";
		};
		74CFF7AE2AB7A42D0089992C /* Collection */ = {
			isa = PBXGroup;
			children = (
				74CFF7A22AB7979A0089992C /* CollectionDataSource.swift */,
				74CFF7A42AB797ED0089992C /* ViewCellHandler.swift */,
				74CFF7A62AB798680089992C /* UICollectionView+Dequeue.swift */,
			);
			path = Collection;
			sourceTree = "<group>";
		};
		74CFF7AF2AB7A4400089992C /* PickerView */ = {
			isa = PBXGroup;
			children = (
				74CFF7AC2AB7A0440089992C /* PickerViewDataSource.swift */,
			);
			path = PickerView;
			sourceTree = "<group>";
		};
		74CFF7B72AB7E0C40089992C /* Delegate */ = {
			isa = PBXGroup;
			children = (
				74CFF7B82AB7E0D90089992C /* BreedCollectionViewDelegateFlowLayout.swift */,
			);
			path = Delegate;
			sourceTree = "<group>";
		};
/* End PBXGroup section */

/* Begin PBXNativeTarget section */
		742D408F2AB5CE9F00514A25 /* CatBreedsApp */ = {
			isa = PBXNativeTarget;
			buildConfigurationList = 742D40BA2AB5CEA100514A25 /* Build configuration list for PBXNativeTarget "CatBreedsApp" */;
			buildPhases = (
				74CF7ECF2AB5E7AA000CBD35 /* Envrionment Codegen */,
				742D408C2AB5CE9F00514A25 /* Sources */,
				742D408D2AB5CE9F00514A25 /* Frameworks */,
				742D408E2AB5CE9F00514A25 /* Resources */,
				74CF7ED02AB5F138000CBD35 /* SwiftLint */,
			);
			buildRules = (
			);
			dependencies = (
			);
			name = CatBreedsApp;
			packageProductDependencies = (
				742625FE2AB627D000C53FE1 /* DependencyContainer */,
				742626002AB6283800C53FE1 /* SharedSource */,
				74CFF7B52AB7C95B0089992C /* Kingfisher */,
			);
			productName = CatBreedsApp;
			productReference = 742D40902AB5CE9F00514A25 /* CatBreedsApp.app */;
			productType = "com.apple.product-type.application";
		};
		742D40A52AB5CEA100514A25 /* CatBreedsAppTests */ = {
			isa = PBXNativeTarget;
			buildConfigurationList = 742D40BD2AB5CEA100514A25 /* Build configuration list for PBXNativeTarget "CatBreedsAppTests" */;
			buildPhases = (
				742D40A22AB5CEA100514A25 /* Sources */,
				742D40A32AB5CEA100514A25 /* Frameworks */,
				742D40A42AB5CEA100514A25 /* Resources */,
			);
			buildRules = (
			);
			dependencies = (
				742D40A82AB5CEA100514A25 /* PBXTargetDependency */,
			);
			name = CatBreedsAppTests;
			productName = CatBreedsAppTests;
			productReference = 742D40A62AB5CEA100514A25 /* CatBreedsAppTests.xctest */;
			productType = "com.apple.product-type.bundle.unit-test";
		};
		742D40AF2AB5CEA100514A25 /* CatBreedsAppUITests */ = {
			isa = PBXNativeTarget;
			buildConfigurationList = 742D40C02AB5CEA100514A25 /* Build configuration list for PBXNativeTarget "CatBreedsAppUITests" */;
			buildPhases = (
				742D40AC2AB5CEA100514A25 /* Sources */,
				742D40AD2AB5CEA100514A25 /* Frameworks */,
				742D40AE2AB5CEA100514A25 /* Resources */,
			);
			buildRules = (
			);
			dependencies = (
				742D40B22AB5CEA100514A25 /* PBXTargetDependency */,
			);
			name = CatBreedsAppUITests;
			productName = CatBreedsAppUITests;
			productReference = 742D40B02AB5CEA100514A25 /* CatBreedsAppUITests.xctest */;
			productType = "com.apple.product-type.bundle.ui-testing";
		};
/* End PBXNativeTarget section */

/* Begin PBXProject section */
		742D40882AB5CE9E00514A25 /* Project object */ = {
			isa = PBXProject;
			attributes = {
				BuildIndependentTargetsInParallel = 1;
				LastSwiftUpdateCheck = 1430;
				LastUpgradeCheck = 1430;
				TargetAttributes = {
					742D408F2AB5CE9F00514A25 = {
						CreatedOnToolsVersion = 14.3;
					};
					742D40A52AB5CEA100514A25 = {
						CreatedOnToolsVersion = 14.3;
						TestTargetID = 742D408F2AB5CE9F00514A25;
					};
					742D40AF2AB5CEA100514A25 = {
						CreatedOnToolsVersion = 14.3;
						LastSwiftMigration = 1430;
						TestTargetID = 742D408F2AB5CE9F00514A25;
					};
				};
			};
			buildConfigurationList = 742D408B2AB5CE9E00514A25 /* Build configuration list for PBXProject "CatBreedsApp" */;
			compatibilityVersion = "Xcode 14.0";
			developmentRegion = en;
			hasScannedForEncodings = 0;
			knownRegions = (
				en,
				Base,
			);
			mainGroup = 742D40872AB5CE9E00514A25;
			packageReferences = (
				74CFF7B42AB7C95B0089992C /* XCRemoteSwiftPackageReference "Kingfisher" */,
			);
			productRefGroup = 742D40912AB5CE9F00514A25 /* Products */;
			projectDirPath = "";
			projectRoot = "";
			targets = (
				742D408F2AB5CE9F00514A25 /* CatBreedsApp */,
				742D40A52AB5CEA100514A25 /* CatBreedsAppTests */,
				742D40AF2AB5CEA100514A25 /* CatBreedsAppUITests */,
			);
		};
/* End PBXProject section */

/* Begin PBXResourcesBuildPhase section */
		742D408E2AB5CE9F00514A25 /* Resources */ = {
			isa = PBXResourcesBuildPhase;
			buildActionMask = 2147483647;
			files = (
				742D40A02AB5CEA100514A25 /* LaunchScreen.storyboard in Resources */,
				74BD71132AB72CD8004E97DB /* BreedCollectionViewCell.xib in Resources */,
				749EC63C2AB8627B000E92EE /* BreedDetailViewController.xib in Resources */,
				7426260A2AB6326B00C53FE1 /* BreedListViewController.xib in Resources */,
				742D409D2AB5CEA100514A25 /* Assets.xcassets in Resources */,
			);
			runOnlyForDeploymentPostprocessing = 0;
		};
		742D40A42AB5CEA100514A25 /* Resources */ = {
			isa = PBXResourcesBuildPhase;
			buildActionMask = 2147483647;
			files = (
			);
			runOnlyForDeploymentPostprocessing = 0;
		};
		742D40AE2AB5CEA100514A25 /* Resources */ = {
			isa = PBXResourcesBuildPhase;
			buildActionMask = 2147483647;
			files = (
			);
			runOnlyForDeploymentPostprocessing = 0;
		};
/* End PBXResourcesBuildPhase section */

/* Begin PBXShellScriptBuildPhase section */
		74CF7ECF2AB5E7AA000CBD35 /* Envrionment Codegen */ = {
			isa = PBXShellScriptBuildPhase;
			alwaysOutOfDate = 1;
			buildActionMask = 2147483647;
			files = (
			);
			inputFileListPaths = (
			);
			inputPaths = (
			);
			name = "Envrionment Codegen";
			outputFileListPaths = (
			);
			outputPaths = (
			);
			runOnlyForDeploymentPostprocessing = 0;
			shellPath = /bin/sh;
			shellScript = "if [ $ACTION = \"indexbuild\" ]; then exit 0; fi\n\nexport PATH=\"$PATH:/opt/homebrew/bin\"\ncd ../\nmake config_sourcery\n";
		};
		74CF7ED02AB5F138000CBD35 /* SwiftLint */ = {
			isa = PBXShellScriptBuildPhase;
			alwaysOutOfDate = 1;
			buildActionMask = 2147483647;
			files = (
			);
			inputFileListPaths = (
			);
			inputPaths = (
			);
			name = SwiftLint;
			outputFileListPaths = (
			);
			outputPaths = (
			);
			runOnlyForDeploymentPostprocessing = 0;
			shellPath = /bin/sh;
			shellScript = "export PATH=\"$PATH:/opt/homebrew/bin\"\ncd ../\nsource \"./Script/swiftlint.sh\"\n";
		};
/* End PBXShellScriptBuildPhase section */

/* Begin PBXSourcesBuildPhase section */
		742D408C2AB5CE9F00514A25 /* Sources */ = {
			isa = PBXSourcesBuildPhase;
			buildActionMask = 2147483647;
			files = (
				74CFF79D2AB7767A0089992C /* Breed.swift in Sources */,
				74CFF7AD2AB7A0440089992C /* PickerViewDataSource.swift in Sources */,
				749EC63B2AB8627B000E92EE /* BreedDetailViewController.swift in Sources */,
				742626092AB6326B00C53FE1 /* BreedListViewController.swift in Sources */,
				74CFF79F2AB77AEF0089992C /* BreedEndpoint.swift in Sources */,
				749EC63E2AB86601000E92EE /* BreedDetailViewModel.swift in Sources */,
				74CFF7AB2AB79DA20089992C /* ImageInfo.swift in Sources */,
				74CFF7B92AB7E0D90089992C /* BreedCollectionViewDelegateFlowLayout.swift in Sources */,
				74CFF7A72AB798680089992C /* UICollectionView+Dequeue.swift in Sources */,
				74CFF7A52AB797ED0089992C /* ViewCellHandler.swift in Sources */,
				74CFF79B2AB775520089992C /* BreedService.swift in Sources */,
				74CFF7A92AB7987F0089992C /* Identifiable.swift in Sources */,
				74CFF7A32AB7979A0089992C /* CollectionDataSource.swift in Sources */,
				74BD71122AB72CD8004E97DB /* BreedCollectionViewCell.swift in Sources */,
				742D40942AB5CE9F00514A25 /* AppDelegate.swift in Sources */,
				7426260F2AB63E8E00C53FE1 /* BreedListViewModel.swift in Sources */,
				742D40962AB5CE9F00514A25 /* SceneDelegate.swift in Sources */,
			);
			runOnlyForDeploymentPostprocessing = 0;
		};
		742D40A22AB5CEA100514A25 /* Sources */ = {
			isa = PBXSourcesBuildPhase;
			buildActionMask = 2147483647;
			files = (
				749EC6442AB8751E000E92EE /* BreedListViewModelTests.swift in Sources */,
				749EC64A2AB887D9000E92EE /* BreedDetailViewModelTests.swift in Sources */,
				749EC6472AB875EA000E92EE /* BreedServiceMock.swift in Sources */,
			);
			runOnlyForDeploymentPostprocessing = 0;
		};
		742D40AC2AB5CEA100514A25 /* Sources */ = {
			isa = PBXSourcesBuildPhase;
			buildActionMask = 2147483647;
			files = (
				749EC64C2AB88AED000E92EE /* CatBreedsAppUITestsLaunchTests.swift in Sources */,
				749EC64E2AB88B00000E92EE /* CatBreedsAppUITests.swift in Sources */,
			);
			runOnlyForDeploymentPostprocessing = 0;
		};
/* End PBXSourcesBuildPhase section */

/* Begin PBXTargetDependency section */
		742D40A82AB5CEA100514A25 /* PBXTargetDependency */ = {
			isa = PBXTargetDependency;
			target = 742D408F2AB5CE9F00514A25 /* CatBreedsApp */;
			targetProxy = 742D40A72AB5CEA100514A25 /* PBXContainerItemProxy */;
		};
		742D40B22AB5CEA100514A25 /* PBXTargetDependency */ = {
			isa = PBXTargetDependency;
			target = 742D408F2AB5CE9F00514A25 /* CatBreedsApp */;
			targetProxy = 742D40B12AB5CEA100514A25 /* PBXContainerItemProxy */;
		};
/* End PBXTargetDependency section */

/* Begin PBXVariantGroup section */
		742D409E2AB5CEA100514A25 /* LaunchScreen.storyboard */ = {
			isa = PBXVariantGroup;
			children = (
				742D409F2AB5CEA100514A25 /* Base */,
			);
			name = LaunchScreen.storyboard;
			sourceTree = "<group>";
		};
/* End PBXVariantGroup section */

/* Begin XCBuildConfiguration section */
		742D40B82AB5CEA100514A25 /* Debug */ = {
			isa = XCBuildConfiguration;
			buildSettings = {
				ALWAYS_SEARCH_USER_PATHS = NO;
				CLANG_ANALYZER_NONNULL = YES;
				CLANG_ANALYZER_NUMBER_OBJECT_CONVERSION = YES_AGGRESSIVE;
				CLANG_CXX_LANGUAGE_STANDARD = "gnu++20";
				CLANG_ENABLE_MODULES = YES;
				CLANG_ENABLE_OBJC_ARC = YES;
				CLANG_ENABLE_OBJC_WEAK = YES;
				CLANG_WARN_BLOCK_CAPTURE_AUTORELEASING = YES;
				CLANG_WARN_BOOL_CONVERSION = YES;
				CLANG_WARN_COMMA = YES;
				CLANG_WARN_CONSTANT_CONVERSION = YES;
				CLANG_WARN_DEPRECATED_OBJC_IMPLEMENTATIONS = YES;
				CLANG_WARN_DIRECT_OBJC_ISA_USAGE = YES_ERROR;
				CLANG_WARN_DOCUMENTATION_COMMENTS = YES;
				CLANG_WARN_EMPTY_BODY = YES;
				CLANG_WARN_ENUM_CONVERSION = YES;
				CLANG_WARN_INFINITE_RECURSION = YES;
				CLANG_WARN_INT_CONVERSION = YES;
				CLANG_WARN_NON_LITERAL_NULL_CONVERSION = YES;
				CLANG_WARN_OBJC_IMPLICIT_RETAIN_SELF = YES;
				CLANG_WARN_OBJC_LITERAL_CONVERSION = YES;
				CLANG_WARN_OBJC_ROOT_CLASS = YES_ERROR;
				CLANG_WARN_QUOTED_INCLUDE_IN_FRAMEWORK_HEADER = YES;
				CLANG_WARN_RANGE_LOOP_ANALYSIS = YES;
				CLANG_WARN_STRICT_PROTOTYPES = YES;
				CLANG_WARN_SUSPICIOUS_MOVE = YES;
				CLANG_WARN_UNGUARDED_AVAILABILITY = YES_AGGRESSIVE;
				CLANG_WARN_UNREACHABLE_CODE = YES;
				CLANG_WARN__DUPLICATE_METHOD_MATCH = YES;
				COPY_PHASE_STRIP = NO;
				DEBUG_INFORMATION_FORMAT = dwarf;
				ENABLE_STRICT_OBJC_MSGSEND = YES;
				ENABLE_TESTABILITY = YES;
				GCC_C_LANGUAGE_STANDARD = gnu11;
				GCC_DYNAMIC_NO_PIC = NO;
				GCC_NO_COMMON_BLOCKS = YES;
				GCC_OPTIMIZATION_LEVEL = 0;
				GCC_PREPROCESSOR_DEFINITIONS = (
					"DEBUG=1",
					"$(inherited)",
				);
				GCC_WARN_64_TO_32_BIT_CONVERSION = YES;
				GCC_WARN_ABOUT_RETURN_TYPE = YES_ERROR;
				GCC_WARN_UNDECLARED_SELECTOR = YES;
				GCC_WARN_UNINITIALIZED_AUTOS = YES_AGGRESSIVE;
				GCC_WARN_UNUSED_FUNCTION = YES;
				GCC_WARN_UNUSED_VARIABLE = YES;
				IPHONEOS_DEPLOYMENT_TARGET = 16.4;
				MTL_ENABLE_DEBUG_INFO = INCLUDE_SOURCE;
				MTL_FAST_MATH = YES;
				ONLY_ACTIVE_ARCH = YES;
				SDKROOT = iphoneos;
				SWIFT_ACTIVE_COMPILATION_CONDITIONS = DEBUG;
				SWIFT_OPTIMIZATION_LEVEL = "-Onone";
			};
			name = Debug;
		};
		742D40B92AB5CEA100514A25 /* Release */ = {
			isa = XCBuildConfiguration;
			buildSettings = {
				ALWAYS_SEARCH_USER_PATHS = NO;
				CLANG_ANALYZER_NONNULL = YES;
				CLANG_ANALYZER_NUMBER_OBJECT_CONVERSION = YES_AGGRESSIVE;
				CLANG_CXX_LANGUAGE_STANDARD = "gnu++20";
				CLANG_ENABLE_MODULES = YES;
				CLANG_ENABLE_OBJC_ARC = YES;
				CLANG_ENABLE_OBJC_WEAK = YES;
				CLANG_WARN_BLOCK_CAPTURE_AUTORELEASING = YES;
				CLANG_WARN_BOOL_CONVERSION = YES;
				CLANG_WARN_COMMA = YES;
				CLANG_WARN_CONSTANT_CONVERSION = YES;
				CLANG_WARN_DEPRECATED_OBJC_IMPLEMENTATIONS = YES;
				CLANG_WARN_DIRECT_OBJC_ISA_USAGE = YES_ERROR;
				CLANG_WARN_DOCUMENTATION_COMMENTS = YES;
				CLANG_WARN_EMPTY_BODY = YES;
				CLANG_WARN_ENUM_CONVERSION = YES;
				CLANG_WARN_INFINITE_RECURSION = YES;
				CLANG_WARN_INT_CONVERSION = YES;
				CLANG_WARN_NON_LITERAL_NULL_CONVERSION = YES;
				CLANG_WARN_OBJC_IMPLICIT_RETAIN_SELF = YES;
				CLANG_WARN_OBJC_LITERAL_CONVERSION = YES;
				CLANG_WARN_OBJC_ROOT_CLASS = YES_ERROR;
				CLANG_WARN_QUOTED_INCLUDE_IN_FRAMEWORK_HEADER = YES;
				CLANG_WARN_RANGE_LOOP_ANALYSIS = YES;
				CLANG_WARN_STRICT_PROTOTYPES = YES;
				CLANG_WARN_SUSPICIOUS_MOVE = YES;
				CLANG_WARN_UNGUARDED_AVAILABILITY = YES_AGGRESSIVE;
				CLANG_WARN_UNREACHABLE_CODE = YES;
				CLANG_WARN__DUPLICATE_METHOD_MATCH = YES;
				COPY_PHASE_STRIP = NO;
				DEBUG_INFORMATION_FORMAT = "dwarf-with-dsym";
				ENABLE_NS_ASSERTIONS = NO;
				ENABLE_STRICT_OBJC_MSGSEND = YES;
				GCC_C_LANGUAGE_STANDARD = gnu11;
				GCC_NO_COMMON_BLOCKS = YES;
				GCC_WARN_64_TO_32_BIT_CONVERSION = YES;
				GCC_WARN_ABOUT_RETURN_TYPE = YES_ERROR;
				GCC_WARN_UNDECLARED_SELECTOR = YES;
				GCC_WARN_UNINITIALIZED_AUTOS = YES_AGGRESSIVE;
				GCC_WARN_UNUSED_FUNCTION = YES;
				GCC_WARN_UNUSED_VARIABLE = YES;
				IPHONEOS_DEPLOYMENT_TARGET = 16.4;
				MTL_ENABLE_DEBUG_INFO = NO;
				MTL_FAST_MATH = YES;
				SDKROOT = iphoneos;
				SWIFT_COMPILATION_MODE = wholemodule;
				SWIFT_OPTIMIZATION_LEVEL = "-O";
				VALIDATE_PRODUCT = YES;
			};
			name = Release;
		};
		742D40BB2AB5CEA100514A25 /* Debug */ = {
			isa = XCBuildConfiguration;
			buildSettings = {
				ASSETCATALOG_COMPILER_APPICON_NAME = AppIcon;
				ASSETCATALOG_COMPILER_GLOBAL_ACCENT_COLOR_NAME = AccentColor;
				CODE_SIGN_STYLE = Automatic;
				CURRENT_PROJECT_VERSION = 1;
				DEVELOPMENT_TEAM = 64MZ9N965Y;
				GENERATE_INFOPLIST_FILE = YES;
				INFOPLIST_FILE = CatBreedsApp/Info.plist;
				INFOPLIST_KEY_CFBundleDisplayName = "Cat Breeds";
				INFOPLIST_KEY_UIApplicationSupportsIndirectInputEvents = YES;
				INFOPLIST_KEY_UILaunchStoryboardName = LaunchScreen;
				INFOPLIST_KEY_UISupportedInterfaceOrientations_iPad = "UIInterfaceOrientationPortrait UIInterfaceOrientationPortraitUpsideDown UIInterfaceOrientationLandscapeLeft UIInterfaceOrientationLandscapeRight";
				INFOPLIST_KEY_UISupportedInterfaceOrientations_iPhone = "UIInterfaceOrientationPortrait UIInterfaceOrientationLandscapeLeft UIInterfaceOrientationLandscapeRight";
				LD_RUNPATH_SEARCH_PATHS = (
					"$(inherited)",
					"@executable_path/Frameworks",
				);
				MARKETING_VERSION = 1.0;
				PRODUCT_BUNDLE_IDENTIFIER = com.erickvicente.CatBreedsApp;
				PRODUCT_NAME = "$(TARGET_NAME)";
				SWIFT_EMIT_LOC_STRINGS = YES;
				SWIFT_VERSION = 5.0;
				TARGETED_DEVICE_FAMILY = "1,2";
			};
			name = Debug;
		};
		742D40BC2AB5CEA100514A25 /* Release */ = {
			isa = XCBuildConfiguration;
			buildSettings = {
				ASSETCATALOG_COMPILER_APPICON_NAME = AppIcon;
				ASSETCATALOG_COMPILER_GLOBAL_ACCENT_COLOR_NAME = AccentColor;
				CODE_SIGN_STYLE = Automatic;
				CURRENT_PROJECT_VERSION = 1;
				DEVELOPMENT_TEAM = 64MZ9N965Y;
				GENERATE_INFOPLIST_FILE = YES;
				INFOPLIST_FILE = CatBreedsApp/Info.plist;
				INFOPLIST_KEY_CFBundleDisplayName = "Cat Breeds";
				INFOPLIST_KEY_UIApplicationSupportsIndirectInputEvents = YES;
				INFOPLIST_KEY_UILaunchStoryboardName = LaunchScreen;
				INFOPLIST_KEY_UISupportedInterfaceOrientations_iPad = "UIInterfaceOrientationPortrait UIInterfaceOrientationPortraitUpsideDown UIInterfaceOrientationLandscapeLeft UIInterfaceOrientationLandscapeRight";
				INFOPLIST_KEY_UISupportedInterfaceOrientations_iPhone = "UIInterfaceOrientationPortrait UIInterfaceOrientationLandscapeLeft UIInterfaceOrientationLandscapeRight";
				LD_RUNPATH_SEARCH_PATHS = (
					"$(inherited)",
					"@executable_path/Frameworks",
				);
				MARKETING_VERSION = 1.0;
				PRODUCT_BUNDLE_IDENTIFIER = com.erickvicente.CatBreedsApp;
				PRODUCT_NAME = "$(TARGET_NAME)";
				SWIFT_EMIT_LOC_STRINGS = YES;
				SWIFT_VERSION = 5.0;
				TARGETED_DEVICE_FAMILY = "1,2";
			};
			name = Release;
		};
		742D40BE2AB5CEA100514A25 /* Debug */ = {
			isa = XCBuildConfiguration;
			buildSettings = {
				ALWAYS_EMBED_SWIFT_STANDARD_LIBRARIES = YES;
				BUNDLE_LOADER = "$(TEST_HOST)";
				CODE_SIGN_STYLE = Automatic;
				CURRENT_PROJECT_VERSION = 1;
				DEVELOPMENT_TEAM = 64MZ9N965Y;
				GENERATE_INFOPLIST_FILE = YES;
				IPHONEOS_DEPLOYMENT_TARGET = 16.4;
				MARKETING_VERSION = 1.0;
				PRODUCT_BUNDLE_IDENTIFIER = com.erickvicente.CatBreedsAppTests;
				PRODUCT_NAME = "$(TARGET_NAME)";
				SWIFT_EMIT_LOC_STRINGS = NO;
				SWIFT_VERSION = 5.0;
				TARGETED_DEVICE_FAMILY = "1,2";
				TEST_HOST = "$(BUILT_PRODUCTS_DIR)/CatBreedsApp.app/$(BUNDLE_EXECUTABLE_FOLDER_PATH)/CatBreedsApp";
			};
			name = Debug;
		};
		742D40BF2AB5CEA100514A25 /* Release */ = {
			isa = XCBuildConfiguration;
			buildSettings = {
				ALWAYS_EMBED_SWIFT_STANDARD_LIBRARIES = YES;
				BUNDLE_LOADER = "$(TEST_HOST)";
				CODE_SIGN_STYLE = Automatic;
				CURRENT_PROJECT_VERSION = 1;
				DEVELOPMENT_TEAM = 64MZ9N965Y;
				GENERATE_INFOPLIST_FILE = YES;
				IPHONEOS_DEPLOYMENT_TARGET = 16.4;
				MARKETING_VERSION = 1.0;
				PRODUCT_BUNDLE_IDENTIFIER = com.erickvicente.CatBreedsAppTests;
				PRODUCT_NAME = "$(TARGET_NAME)";
				SWIFT_EMIT_LOC_STRINGS = NO;
				SWIFT_VERSION = 5.0;
				TARGETED_DEVICE_FAMILY = "1,2";
				TEST_HOST = "$(BUILT_PRODUCTS_DIR)/CatBreedsApp.app/$(BUNDLE_EXECUTABLE_FOLDER_PATH)/CatBreedsApp";
			};
			name = Release;
		};
		742D40C12AB5CEA100514A25 /* Debug */ = {
			isa = XCBuildConfiguration;
			buildSettings = {
				ALWAYS_EMBED_SWIFT_STANDARD_LIBRARIES = YES;
				CLANG_ENABLE_MODULES = YES;
				CODE_SIGN_STYLE = Automatic;
				CURRENT_PROJECT_VERSION = 1;
				DEVELOPMENT_TEAM = 64MZ9N965Y;
				GENERATE_INFOPLIST_FILE = YES;
				MARKETING_VERSION = 1.0;
				PRODUCT_BUNDLE_IDENTIFIER = com.erickvicente.CatBreedsAppUITests;
				PRODUCT_NAME = "$(TARGET_NAME)";
				SWIFT_EMIT_LOC_STRINGS = NO;
				SWIFT_OPTIMIZATION_LEVEL = "-Onone";
				SWIFT_VERSION = 5.0;
				TARGETED_DEVICE_FAMILY = "1,2";
				TEST_TARGET_NAME = CatBreedsApp;
			};
			name = Debug;
		};
		742D40C22AB5CEA100514A25 /* Release */ = {
			isa = XCBuildConfiguration;
			buildSettings = {
				ALWAYS_EMBED_SWIFT_STANDARD_LIBRARIES = YES;
				CLANG_ENABLE_MODULES = YES;
				CODE_SIGN_STYLE = Automatic;
				CURRENT_PROJECT_VERSION = 1;
				DEVELOPMENT_TEAM = 64MZ9N965Y;
				GENERATE_INFOPLIST_FILE = YES;
				MARKETING_VERSION = 1.0;
				PRODUCT_BUNDLE_IDENTIFIER = com.erickvicente.CatBreedsAppUITests;
				PRODUCT_NAME = "$(TARGET_NAME)";
				SWIFT_EMIT_LOC_STRINGS = NO;
				SWIFT_VERSION = 5.0;
				TARGETED_DEVICE_FAMILY = "1,2";
				TEST_TARGET_NAME = CatBreedsApp;
			};
			name = Release;
		};
/* End XCBuildConfiguration section */

/* Begin XCConfigurationList section */
		742D408B2AB5CE9E00514A25 /* Build configuration list for PBXProject "CatBreedsApp" */ = {
			isa = XCConfigurationList;
			buildConfigurations = (
				742D40B82AB5CEA100514A25 /* Debug */,
				742D40B92AB5CEA100514A25 /* Release */,
			);
			defaultConfigurationIsVisible = 0;
			defaultConfigurationName = Release;
		};
		742D40BA2AB5CEA100514A25 /* Build configuration list for PBXNativeTarget "CatBreedsApp" */ = {
			isa = XCConfigurationList;
			buildConfigurations = (
				742D40BB2AB5CEA100514A25 /* Debug */,
				742D40BC2AB5CEA100514A25 /* Release */,
			);
			defaultConfigurationIsVisible = 0;
			defaultConfigurationName = Release;
		};
		742D40BD2AB5CEA100514A25 /* Build configuration list for PBXNativeTarget "CatBreedsAppTests" */ = {
			isa = XCConfigurationList;
			buildConfigurations = (
				742D40BE2AB5CEA100514A25 /* Debug */,
				742D40BF2AB5CEA100514A25 /* Release */,
			);
			defaultConfigurationIsVisible = 0;
			defaultConfigurationName = Release;
		};
		742D40C02AB5CEA100514A25 /* Build configuration list for PBXNativeTarget "CatBreedsAppUITests" */ = {
			isa = XCConfigurationList;
			buildConfigurations = (
				742D40C12AB5CEA100514A25 /* Debug */,
				742D40C22AB5CEA100514A25 /* Release */,
			);
			defaultConfigurationIsVisible = 0;
			defaultConfigurationName = Release;
		};
/* End XCConfigurationList section */

/* Begin XCRemoteSwiftPackageReference section */
		74CFF7B42AB7C95B0089992C /* XCRemoteSwiftPackageReference "Kingfisher" */ = {
			isa = XCRemoteSwiftPackageReference;
			repositoryURL = "https://github.com/onevcat/Kingfisher.git";
			requirement = {
				kind = upToNextMajorVersion;
				minimumVersion = 7.0.0;
			};
		};
/* End XCRemoteSwiftPackageReference section */

/* Begin XCSwiftPackageProductDependency section */
		742625FE2AB627D000C53FE1 /* DependencyContainer */ = {
			isa = XCSwiftPackageProductDependency;
			productName = DependencyContainer;
		};
		742626002AB6283800C53FE1 /* SharedSource */ = {
			isa = XCSwiftPackageProductDependency;
			productName = SharedSource;
		};
		74CFF7B52AB7C95B0089992C /* Kingfisher */ = {
			isa = XCSwiftPackageProductDependency;
			package = 74CFF7B42AB7C95B0089992C /* XCRemoteSwiftPackageReference "Kingfisher" */;
			productName = Kingfisher;
		};
/* End XCSwiftPackageProductDependency section */
	};
	rootObject = 742D40882AB5CE9E00514A25 /* Project object */;
}
